
Microsoft Visual Studio Solution File, Format Version 12.00
# Visual Studio Version 17
VisualStudioVersion = 17.5.33414.496
MinimumVisualStudioVersion = 10.0.40219.1
Project("{9A19103F-16F7-4668-BE54-9A1E7A4F7556}") = "Gaza-Tech", "Gaza-Tech\Gaza-Tech.csproj", "{F51556B5-EAD2-461C-94C9-9E6A9BF4A414}"
EndProject
Project("{FAE04EC0-301F-11D3-BF4B-00C04F79EFBC}") = "Gaza-Tech.DataAccess", "Gaza-Tech.DataAccess\Gaza-Tech.DataAccess.csproj", "{CF67EEF1-5222-45F8-8F7A-CD5A2EDD9BC1}"
EndProject
Project("{FAE04EC0-301F-11D3-BF4B-00C04F79EFBC}") = "Gaza-Tech.BLL", "Gaza-Tech.BLL\Gaza-Tech.BLL.csproj", "{1E1F816F-2E55-4C0E-87D2-EC8B7DEB9927}"
EndProject
Global
	GlobalSection(SolutionConfigurationPlatforms) = preSolution
		Debug|Any CPU = Debug|Any CPU
		Release|Any CPU = Release|Any CPU
	EndGlobalSection
	GlobalSection(ProjectConfigurationPlatforms) = postSolution
		{F51556B5-EAD2-461C-94C9-9E6A9BF4A414}.Debug|Any CPU.ActiveCfg = Debug|Any CPU
		{F51556B5-EAD2-461C-94C9-9E6A9BF4A414}.Debug|Any CPU.Build.0 = Debug|Any CPU
		{F51556B5-EAD2-461C-94C9-9E6A9BF4A414}.Release|Any CPU.ActiveCfg = Release|Any CPU
		{F51556B5-EAD2-461C-94C9-9E6A9BF4A414}.Release|Any CPU.Build.0 = Release|Any CPU
		{CF67EEF1-5222-45F8-8F7A-CD5A2EDD9BC1}.Debug|Any CPU.ActiveCfg = Debug|Any CPU
		{CF67EEF1-5222-45F8-8F7A-CD5A2EDD9BC1}.Debug|Any CPU.Build.0 = Debug|Any CPU
		{CF67EEF1-5222-45F8-8F7A-CD5A2EDD9BC1}.Release|Any CPU.ActiveCfg = Release|Any CPU
		{CF67EEF1-5222-45F8-8F7A-CD5A2EDD9BC1}.Release|Any CPU.Build.0 = Release|Any CPU
		{1E1F816F-2E55-4C0E-87D2-EC8B7DEB9927}.Debug|Any CPU.ActiveCfg = Debug|Any CPU
		{1E1F816F-2E55-4C0E-87D2-EC8B7DEB9927}.Debug|Any CPU.Build.0 = Debug|Any CPU
		{1E1F816F-2E55-4C0E-87D2-EC8B7DEB9927}.Release|Any CPU.ActiveCfg = Release|Any CPU
		{1E1F816F-2E55-4C0E-87D2-EC8B7DEB9927}.Release|Any CPU.Build.0 = Release|Any CPU
	EndGlobalSection
	GlobalSection(SolutionProperties) = preSolution
		HideSolutionNode = FALSE
	EndGlobalSection
	GlobalSection(ExtensibilityGlobals) = postSolution
		SolutionGuid = {67AF3AEF-44DB-484B-B573-38F9078FDFEE}
	EndGlobalSection
EndGlobal
